
Microsoft Visual Studio Solution File, Format Version 12.00
# Visual Studio Version 17
VisualStudioVersion = 17.7.34018.315
MinimumVisualStudioVersion = 10.0.40219.1
Project("{2150E333-8FDC-42A3-9474-1A3956D46DE8}") = "src", "src", "{65E87F06-E938-47A5-8E24-04AFDE0FC7EB}"
EndProject
Project("{2150E333-8FDC-42A3-9474-1A3956D46DE8}") = "tests", "tests", "{8365FB51-6EA6-4897-B813-AF4242192406}"
EndProject
Project("{FAE04EC0-301F-11D3-BF4B-00C04F79EFBC}") = "BidBay.API", "src\BidBay.API\BidBay.API.csproj", "{DC08E6F5-03E7-4210-8332-117D8019EE95}"
EndProject
Global
	GlobalSection(SolutionConfigurationPlatforms) = preSolution
		Debug|Any CPU = Debug|Any CPU
		Release|Any CPU = Release|Any CPU
	EndGlobalSection
	GlobalSection(ProjectConfigurationPlatforms) = postSolution
		{DC08E6F5-03E7-4210-8332-117D8019EE95}.Debug|Any CPU.ActiveCfg = Debug|Any CPU
		{DC08E6F5-03E7-4210-8332-117D8019EE95}.Debug|Any CPU.Build.0 = Debug|Any CPU
		{DC08E6F5-03E7-4210-8332-117D8019EE95}.Release|Any CPU.ActiveCfg = Release|Any CPU
		{DC08E6F5-03E7-4210-8332-117D8019EE95}.Release|Any CPU.Build.0 = Release|Any CPU
	EndGlobalSection
	GlobalSection(SolutionProperties) = preSolution
		HideSolutionNode = FALSE
	EndGlobalSection
	GlobalSection(NestedProjects) = preSolution
		{DC08E6F5-03E7-4210-8332-117D8019EE95} = {65E87F06-E938-47A5-8E24-04AFDE0FC7EB}
	EndGlobalSection
	GlobalSection(ExtensibilityGlobals) = postSolution
		SolutionGuid = {971A5815-36B3-4778-89C5-41F8D6AC1BF3}
	EndGlobalSection
EndGlobal
